<?xml version="1.0" encoding="UTF-8"?>
<Scheme
   LastUpgradeVersion = "0720"
   version = "1.3">
   <BuildAction
      parallelizeBuildables = "YES"
      buildImplicitDependencies = "YES">
      <BuildActionEntries>
         <BuildActionEntry
            buildForTesting = "YES"
            buildForRunning = "YES"
            buildForProfiling = "YES"
            buildForArchiving = "YES"
            buildForAnalyzing = "YES">
            <BuildableReference
               BuildableIdentifier = "primary"
               BlueprintIdentifier = "025390CE1D6B159E00DDE244"
               BuildableName = "CloseScreen.app"
               BlueprintName = "&#x9501;&#x5c4f;&#x72b6;&#x6001;"
               ReferencedContainer = "container:&#x9501;&#x5c4f;&#x72b6;&#x6001;.xcodeproj">
            </BuildableReference>
         </BuildActionEntry>
      </BuildActionEntries>
   </BuildAction>
   <TestAction
      buildConfiguration = "Debug"
      selectedDebuggerIdentifier = "Xcode.DebuggerFoundation.Debugger.LLDB"
      selectedLauncherIdentifier = "Xcode.DebuggerFoundation.Launcher.LLDB"
      shouldUseLaunchSchemeArgsEnv = "YES">
      <Testables>
         <TestableReference
            skipped = "NO">
            <BuildableReference
               BuildableIdentifier = "primary"
               BlueprintIdentifier = "025390E71D6B159F00DDE244"
               BuildableName = "&#x9501;&#x5c4f;&#x72b6;&#x6001;Tests.xctest"
               BlueprintName = "&#x9501;&#x5c4f;&#x72b6;&#x6001;Tests"
               ReferencedContainer = "container:&#x9501;&#x5c4f;&#x72b6;&#x6001;.xcodeproj">
            </BuildableReference>
         </TestableReference>
         <TestableReference
            skipped = "NO">
            <BuildableReference
               BuildableIdentifier = "primary"
               BlueprintIdentifier = "025390F21D6B159F00DDE244"
               BuildableName = "&#x9501;&#x5c4f;&#x72b6;&#x6001;UITests.xctest"
               BlueprintName = "&#x9501;&#x5c4f;&#x72b6;&#x6001;UITests"
               ReferencedContainer = "container:&#x9501;&#x5c4f;&#x72b6;&#x6001;.xcodeproj">
            </BuildableReference>
         </TestableReference>
      </Testables>
      <MacroExpansion>
         <BuildableReference
            BuildableIdentifier = "primary"
            BlueprintIdentifier = "025390CE1D6B159E00DDE244"
            BuildableName = "CloseScreen.app"
            BlueprintName = "&#x9501;&#x5c4f;&#x72b6;&#x6001;"
            ReferencedContainer = "container:&#x9501;&#x5c4f;&#x72b6;&#x6001;.xcodeproj">
         </BuildableReference>
      </MacroExpansion>
      <AdditionalOptions>
         <AdditionalOption
            key = "NSZombieEnabled"
            value = "YES"
            isEnabled = "YES">
         </AdditionalOption>
      </AdditionalOptions>
   </TestAction>
   <LaunchAction
      buildConfiguration = "Debug"
      selectedDebuggerIdentifier = "Xcode.DebuggerFoundation.Debugger.LLDB"
      selectedLauncherIdentifier = "Xcode.DebuggerFoundation.Launcher.LLDB"
      launchStyle = "0"
      useCustomWorkingDirectory = "NO"
      ignoresPersistentStateOnLaunch = "NO"
      debugDocumentVersioning = "YES"
      debugServiceExtension = "internal"
      allowLocationSimulation = "YES">
      <BuildableProductRunnable
         runnableDebuggingMode = "0">
         <BuildableReference
            BuildableIdentifier = "primary"
            BlueprintIdentifier = "025390CE1D6B159E00DDE244"
            BuildableName = "CloseScreen.app"
            BlueprintName = "&#x9501;&#x5c4f;&#x72b6;&#x6001;"
            ReferencedContainer = "container:&#x9501;&#x5c4f;&#x72b6;&#x6001;.xcodeproj">
         </BuildableReference>
      </BuildableProductRunnable>
      <AdditionalOptions>
         <AdditionalOption
            key = "NSZombieEnabled"
            value = "YES"
            isEnabled = "YES">
         </AdditionalOption>
      </AdditionalOptions>
   </LaunchAction>
   <ProfileAction
      buildConfiguration = "Release"
      shouldUseLaunchSchemeArgsEnv = "YES"
      savedToolIdentifier = ""
      useCustomWorkingDirectory = "NO"
      debugDocumentVersioning = "YES">
      <BuildableProductRunnable
         runnableDebuggingMode = "0">
         <BuildableReference
            BuildableIdentifier = "primary"
            BlueprintIdentifier = "025390CE1D6B159E00DDE244"
            BuildableName = "CloseScreen.app"
            BlueprintName = "&#x9501;&#x5c4f;&#x72b6;&#x6001;"
            ReferencedContainer = "container:&#x9501;&#x5c4f;&#x72b6;&#x6001;.xcodeproj">
         </BuildableReference>
      </BuildableProductRunnable>
   </ProfileAction>
   <AnalyzeAction
      buildConfiguration = "Debug">
   </AnalyzeAction>
   <ArchiveAction
      buildConfiguration = "Release"
      revealArchiveInOrganizer = "YES">
   </ArchiveAction>
</Scheme>
